# This file is automatically @generated by Poetry 1.7.1 and should not be changed by hand.

[[package]]
name = "altgraph"
version = "0.17.2"
description = "Python graph (network) package"
optional = false
python-versions = "*"
files = [
    {file = "altgraph-0.17.2-py2.py3-none-any.whl", hash = "sha256:743628f2ac6a7c26f5d9223c91ed8ecbba535f506f4b6f558885a8a56a105857"},
    {file = "altgraph-0.17.2.tar.gz", hash = "sha256:ebf2269361b47d97b3b88e696439f6e4cbc607c17c51feb1754f90fb79839158"},
]

[[package]]
name = "future"
version = "0.18.2"
description = "Clean single-source support for Python 3 and 2"
optional = false
python-versions = ">=2.6, !=3.0.*, !=3.1.*, !=3.2.*"
files = [
    {file = "future-0.18.2.tar.gz", hash = "sha256:b1bead90b70cf6ec3f0710ae53a525360fa360d306a86583adc6bf83a4db537d"},
]

[[package]]
name = "macholib"
version = "1.16"
description = "Mach-O header analysis and editing"
optional = false
python-versions = "*"
files = [
    {file = "macholib-1.16-py2.py3-none-any.whl", hash = "sha256:5a0742b587e6e57bfade1ab90651d4877185bf66fd4a176a488116de36878229"},
    {file = "macholib-1.16.tar.gz", hash = "sha256:001bf281279b986a66d7821790d734e61150d52f40c080899df8fefae056e9f7"},
]

[package.dependencies]
altgraph = ">=0.15"

[[package]]
name = "netprotocols"
version = "0.5.0"
description = "Low-level implementations of common networking protocols"
optional = false
python-versions = ">=3.7,<4.0"
files = [
    {file = "netprotocols-0.5.0-py3-none-any.whl", hash = "sha256:8ad5164d859c3002b5142e377f488240e0fa8e7a599bd5da65934ae8274f944b"},
    {file = "netprotocols-0.5.0.tar.gz", hash = "sha256:d3af524bfff50ac279e0dac08f13eefbb86db34be5c39af4204d271a1f6aceb3"},
]

[[package]]
name = "pefile"
version = "2022.5.30"
description = "Python PE parsing module"
optional = false
python-versions = ">=3.6.0"
files = [
    {file = "pefile-2022.5.30.tar.gz", hash = "sha256:a5488a3dd1fd021ce33f969780b88fe0f7eebb76eb20996d7318f307612a045b"},
]

[package.dependencies]
future = "*"

[[package]]
name = "pyinstaller"
version = "5.13.1"
description = "PyInstaller bundles a Python application and all its dependencies into a single package."
optional = false
python-versions = "<3.13,>=3.7"
files = [
    {file = "pyinstaller-5.13.1-py3-none-macosx_10_13_universal2.whl", hash = "sha256:3c9cfe6d5d2f392d5d47389f6d377a8f225db460cdd01048b5a3de1d99c24ebe"},
    {file = "pyinstaller-5.13.1-py3-none-manylinux2014_aarch64.whl", hash = "sha256:29341d2e86d5ce7df993e797ee96ef679041fc85376d31c35c7b714085a21299"},
    {file = "pyinstaller-5.13.1-py3-none-manylinux2014_i686.whl", hash = "sha256:ad6e31a8f35a463c6140e4cf979859197edc9831a1039253408b0fe5eec274dc"},
    {file = "pyinstaller-5.13.1-py3-none-manylinux2014_ppc64le.whl", hash = "sha256:5d801db3ceee58d01337473ea897e96e4bb21421a169dd7cf8716754617ff7fc"},
    {file = "pyinstaller-5.13.1-py3-none-manylinux2014_s390x.whl", hash = "sha256:2519db3edec87d8c33924c2c4b7e176d8c1bbd9ba892d77efb67281925e621d6"},
    {file = "pyinstaller-5.13.1-py3-none-manylinux2014_x86_64.whl", hash = "sha256:e033218c8922f0342b6095fb444ecb3bc6747dfa58cac5eac2b985350f4b681e"},
    {file = "pyinstaller-5.13.1-py3-none-musllinux_1_1_aarch64.whl", hash = "sha256:086e68aa1e72f6aa13b9d170a395755e2b194b8ab410caeed02d16b432410c8c"},
    {file = "pyinstaller-5.13.1-py3-none-musllinux_1_1_x86_64.whl", hash = "sha256:aa609aca62edd8cdcf7740677a21525e6c23b5e9a8f821ec8a80c68947771b5d"},
    {file = "pyinstaller-5.13.1-py3-none-win32.whl", hash = "sha256:b8d4000af72bf72f8185d420cd0a0aee0961f03a5c3511dc3ff08cdaef0583de"},
    {file = "pyinstaller-5.13.1-py3-none-win_amd64.whl", hash = "sha256:b70ebc10811b30bbea4cf5b81fd1477db992c2614cf215edc987cda9c5468911"},
    {file = "pyinstaller-5.13.1-py3-none-win_arm64.whl", hash = "sha256:78d1601a11475b95dceff6eaf0c9cd74d93e3f47b5ce4ad63cd76e7a369d3d04"},
    {file = "pyinstaller-5.13.1.tar.gz", hash = "sha256:a2e7a1d76a7ac26f1db849d691a374f2048b0e204233028d25d79a90ecd1fec8"},
]

[package.dependencies]
altgraph = "*"
macholib = {version = ">=1.8", markers = "sys_platform == \"darwin\""}
pefile = {version = ">=2022.5.30", markers = "sys_platform == \"win32\""}
pyinstaller-hooks-contrib = ">=2021.4"
pywin32-ctypes = {version = ">=0.2.1", markers = "sys_platform == \"win32\""}
setuptools = ">=42.0.0"

[package.extras]
encryption = ["tinyaes (>=1.0.0)"]
hook-testing = ["execnet (>=1.5.0)", "psutil", "pytest (>=2.7.3)"]

[[package]]
name = "pyinstaller-hooks-contrib"
version = "2022.7"
description = "Community maintained hooks for PyInstaller"
optional = false
python-versions = ">=3.7"
files = [
    {file = "pyinstaller-hooks-contrib-2022.7.tar.gz", hash = "sha256:6675634279cfe9e475580fb310c3d557037baefb065e6cb5a69a124361b926fd"},
    {file = "pyinstaller_hooks_contrib-2022.7-py2.py3-none-any.whl", hash = "sha256:5fdb97dcae177955db7ab27840cba97b89dc0c7f4fd9142bba0f9b8d8df85c48"},
]

[[package]]
name = "pywin32-ctypes"
version = "0.2.2"
description = "A (partial) reimplementation of pywin32 using ctypes/cffi"
optional = false
python-versions = ">=3.6"
files = [
    {file = "pywin32-ctypes-0.2.2.tar.gz", hash = "sha256:3426e063bdd5fd4df74a14fa3cf80a0b42845a87e1d1e81f6549f9daec593a60"},
    {file = "pywin32_ctypes-0.2.2-py3-none-any.whl", hash = "sha256:bf490a1a709baf35d688fe0ecf980ed4de11d2b3e37b51e5442587a75d9957e7"},
]

[[package]]
name = "setuptools"
version = "69.0.2"
description = "Easily download, build, install, upgrade, and uninstall Python packages"
optional = false
python-versions = ">=3.8"
files = [
    {file = "setuptools-69.0.2-py3-none-any.whl", hash = "sha256:1e8fdff6797d3865f37397be788a4e3cba233608e9b509382a2777d25ebde7f2"},
    {file = "setuptools-69.0.2.tar.gz", hash = "sha256:735896e78a4742605974de002ac60562d286fa8051a7e2299445e8e8fbb01aa6"},
]

[package.extras]
docs = ["furo", "jaraco.packaging (>=9.3)", "jaraco.tidelift (>=1.4)", "pygments-github-lexers (==0.0.5)", "rst.linker (>=1.9)", "sphinx (<7.2.5)", "sphinx (>=3.5)", "sphinx-favicon", "sphinx-inline-tabs", "sphinx-lint", "sphinx-notfound-page (>=1,<2)", "sphinx-reredirects", "sphinxcontrib-towncrier"]
testing = ["build[virtualenv]", "filelock (>=3.4.0)", "flake8-2020", "ini2toml[lite] (>=0.9)", "jaraco.develop (>=7.21)", "jaraco.envs (>=2.2)", "jaraco.path (>=3.2.0)", "pip (>=19.1)", "pytest (>=6)", "pytest-black (>=0.3.7)", "pytest-checkdocs (>=2.4)", "pytest-cov", "pytest-enabler (>=2.2)", "pytest-mypy (>=0.9.1)", "pytest-perf", "pytest-ruff", "pytest-timeout", "pytest-xdist", "tomli-w (>=1.0.0)", "virtualenv (>=13.0.0)", "wheel"]
testing-integration = ["build[virtualenv] (>=1.0.3)", "filelock (>=3.4.0)", "jaraco.envs (>=2.2)", "jaraco.path (>=3.2.0)", "packaging (>=23.1)", "pytest", "pytest-enabler", "pytest-xdist", "tomli", "virtualenv (>=13.0.0)", "wheel"]

[metadata]
lock-version = "2.0"
python-versions = ">=3.8,<3.11"
content-hash = "b8d05c69b4ae2a34f5bd6ae5103ca8fbb09c385a329a8da3458821a0d727914f"
